
Microsoft Visual Studio Solution File, Format Version 12.00
# Visual Studio Version 16
VisualStudioVersion = 16.0.30804.86
MinimumVisualStudioVersion = 10.0.40219.1
Project("{9A19103F-16F7-4668-BE54-9A1E7A4F7556}") = "AgendaApp.Bot", "AgendaApp.Bot.csproj", "{A7595F49-553A-4E1E-85D6-E337946CF20C}"
EndProject
Project("{9A19103F-16F7-4668-BE54-9A1E7A4F7556}") = "AgendaApp.Client", "..\AgendaApp.Client\AgendaApp.Client.csproj", "{7508BCB6-D7F4-4882-AD37-1C21B0469EA9}"
EndProject
Project("{9A19103F-16F7-4668-BE54-9A1E7A4F7556}") = "AgendaApp.Graph", "..\AgendaApp.Graph\AgendaApp.Graph.csproj", "{8762E83B-EFBE-4753-843F-48BD95202A60}"
EndProject
Project("{9A19103F-16F7-4668-BE54-9A1E7A4F7556}") = "AgendaApp.Models", "..\AgendaApp.Models\AgendaApp.Models.csproj", "{899E5C94-4124-42F4-8ECD-9602F72CB025}"
EndProject
Project("{9A19103F-16F7-4668-BE54-9A1E7A4F7556}") = "AgendaApp.Global", "..\AgendaApp.Global\AgendaApp.Global.csproj", "{A43DF2B1-FE35-414D-A1B9-733666638810}"
EndProject
Global
	GlobalSection(SolutionConfigurationPlatforms) = preSolution
		Debug|Any CPU = Debug|Any CPU
		Release|Any CPU = Release|Any CPU
	EndGlobalSection
	GlobalSection(ProjectConfigurationPlatforms) = postSolution
		{A7595F49-553A-4E1E-85D6-E337946CF20C}.Debug|Any CPU.ActiveCfg = Debug|Any CPU
		{A7595F49-553A-4E1E-85D6-E337946CF20C}.Debug|Any CPU.Build.0 = Debug|Any CPU
		{A7595F49-553A-4E1E-85D6-E337946CF20C}.Release|Any CPU.ActiveCfg = Release|Any CPU
		{A7595F49-553A-4E1E-85D6-E337946CF20C}.Release|Any CPU.Build.0 = Release|Any CPU
		{7508BCB6-D7F4-4882-AD37-1C21B0469EA9}.Debug|Any CPU.ActiveCfg = Debug|Any CPU
		{7508BCB6-D7F4-4882-AD37-1C21B0469EA9}.Debug|Any CPU.Build.0 = Debug|Any CPU
		{7508BCB6-D7F4-4882-AD37-1C21B0469EA9}.Release|Any CPU.ActiveCfg = Release|Any CPU
		{7508BCB6-D7F4-4882-AD37-1C21B0469EA9}.Release|Any CPU.Build.0 = Release|Any CPU
		{8762E83B-EFBE-4753-843F-48BD95202A60}.Debug|Any CPU.ActiveCfg = Debug|Any CPU
		{8762E83B-EFBE-4753-843F-48BD95202A60}.Debug|Any CPU.Build.0 = Debug|Any CPU
		{8762E83B-EFBE-4753-843F-48BD95202A60}.Release|Any CPU.ActiveCfg = Release|Any CPU
		{8762E83B-EFBE-4753-843F-48BD95202A60}.Release|Any CPU.Build.0 = Release|Any CPU
		{899E5C94-4124-42F4-8ECD-9602F72CB025}.Debug|Any CPU.ActiveCfg = Debug|Any CPU
		{899E5C94-4124-42F4-8ECD-9602F72CB025}.Debug|Any CPU.Build.0 = Debug|Any CPU
		{899E5C94-4124-42F4-8ECD-9602F72CB025}.Release|Any CPU.ActiveCfg = Release|Any CPU
		{899E5C94-4124-42F4-8ECD-9602F72CB025}.Release|Any CPU.Build.0 = Release|Any CPU
		{A43DF2B1-FE35-414D-A1B9-733666638810}.Debug|Any CPU.ActiveCfg = Debug|Any CPU
		{A43DF2B1-FE35-414D-A1B9-733666638810}.Debug|Any CPU.Build.0 = Debug|Any CPU
		{A43DF2B1-FE35-414D-A1B9-733666638810}.Release|Any CPU.ActiveCfg = Release|Any CPU
		{A43DF2B1-FE35-414D-A1B9-733666638810}.Release|Any CPU.Build.0 = Release|Any CPU
	EndGlobalSection
	GlobalSection(SolutionProperties) = preSolution
		HideSolutionNode = FALSE
	EndGlobalSection
	GlobalSection(ExtensibilityGlobals) = postSolution
		SolutionGuid = {B2AB9DDE-FC41-42A6-8DF5-520A694EB19A}
	EndGlobalSection
EndGlobal
